
Microsoft Visual Studio Solution File, Format Version 12.00
# Visual Studio Version 17
VisualStudioVersion = 17.0.31903.59
MinimumVisualStudioVersion = 10.0.40219.1
Project("{2150E333-8FDC-42A3-9474-1A3956D46DE8}") = "src", "src", "{1104F2A0-1F92-4FAB-8E8E-BCB813E85D26}"
EndProject
Project("{FAE04EC0-301F-11D3-BF4B-00C04F79EFBC}") = "Mimir.Api", "src\Mimir.Api\Mimir.Api.csproj", "{7492AC4A-2946-4F68-BF91-384911B884C1}"
EndProject
Project("{2150E333-8FDC-42A3-9474-1A3956D46DE8}") = "SolutionFiles", "SolutionFiles", "{44414A7F-D879-4371-AF8A-DBB9FEB501B5}"
	ProjectSection(SolutionItems) = preProject
		Directory.Build.props = Directory.Build.props
		Directory.Packages.props = Directory.Packages.props
		template.yaml = template.yaml
	EndProjectSection
EndProject
Global
	GlobalSection(SolutionConfigurationPlatforms) = preSolution
		Debug|Any CPU = Debug|Any CPU
		Release|Any CPU = Release|Any CPU
	EndGlobalSection
	GlobalSection(SolutionProperties) = preSolution
		HideSolutionNode = FALSE
	EndGlobalSection
	GlobalSection(NestedProjects) = preSolution
		{7492AC4A-2946-4F68-BF91-384911B884C1} = {1104F2A0-1F92-4FAB-8E8E-BCB813E85D26}
	EndGlobalSection
	GlobalSection(ProjectConfigurationPlatforms) = postSolution
		{7492AC4A-2946-4F68-BF91-384911B884C1}.Debug|Any CPU.ActiveCfg = Debug|Any CPU
		{7492AC4A-2946-4F68-BF91-384911B884C1}.Debug|Any CPU.Build.0 = Debug|Any CPU
		{7492AC4A-2946-4F68-BF91-384911B884C1}.Release|Any CPU.ActiveCfg = Release|Any CPU
		{7492AC4A-2946-4F68-BF91-384911B884C1}.Release|Any CPU.Build.0 = Release|Any CPU
	EndGlobalSection
EndGlobal
